
Microsoft Visual Studio Solution File, Format Version 12.00
# Visual Studio Version 16
VisualStudioVersion = 16.0.31515.178
MinimumVisualStudioVersion = 10.0.40219.1
Project("{FAE04EC0-301F-11D3-BF4B-00C04F79EFBC}") = "FORLOOPghjkasrowieru", "FORLOOPghjkasrowieru.csproj", "{4F69DBF3-37B8-4541-AD89-30B64C4171BC}"
EndProject
Global
	GlobalSection(SolutionConfigurationPlatforms) = preSolution
		Debug|Any CPU = Debug|Any CPU
		Release|Any CPU = Release|Any CPU
	EndGlobalSection
	GlobalSection(ProjectConfigurationPlatforms) = postSolution
		{4F69DBF3-37B8-4541-AD89-30B64C4171BC}.Debug|Any CPU.ActiveCfg = Debug|Any CPU
		{4F69DBF3-37B8-4541-AD89-30B64C4171BC}.Debug|Any CPU.Build.0 = Debug|Any CPU
		{4F69DBF3-37B8-4541-AD89-30B64C4171BC}.Release|Any CPU.ActiveCfg = Release|Any CPU
		{4F69DBF3-37B8-4541-AD89-30B64C4171BC}.Release|Any CPU.Build.0 = Release|Any CPU
	EndGlobalSection
	GlobalSection(SolutionProperties) = preSolution
		HideSolutionNode = FALSE
	EndGlobalSection
	GlobalSection(ExtensibilityGlobals) = postSolution
		SolutionGuid = {B9A1D866-D668-478B-8532-362EE398F1DA}
	EndGlobalSection
EndGlobal
